{
  "originHash" : "86c90870bd89c1eec6870d0752a5e7c633f560b13e2a17d02a064b65ac407768",
  "pins" : [
    {
      "identity" : "cspeex",
      "kind" : "remoteSourceControl",
      "location" : "https://github.com/sbooth/CSpeex.git",
      "state" : {
        "revision" : "ba33fd93d54d8e7fc93b8a1d27991e756bac7345",
        "version" : "1.2.1"
      }
    },
    {
      "identity" : "grdb.swift",
      "kind" : "remoteSourceControl",
      "location" : "https://github.com/groue/GRDB.swift.git",
      "state" : {
        "revision" : "b83108d10f42680d78f23fe4d4d80fc88dab3212",
        "version" : "7.11.1"
      }
    },
    {
      "identity" : "swift-argument-parser",
      "kind" : "remoteSourceControl",
      "location" : "https://github.com/apple/swift-argument-parser.git",
      "state" : {
        "revision" : "6a52f3251125d74daf04fcbd5e6f08a75d074382",
        "version" : "1.8.2"
      }
    }
  ],
  "version" : 3
}
